
Microsoft Visual Studio Solution File, Format Version 12.00
# Visual Studio 15
VisualStudioVersion = 15.0.28010.2003
MinimumVisualStudioVersion = 10.0.40219.1
Project("{FAE04EC0-301F-11D3-BF4B-00C04F79EFBC}") = "LiTec_Board", "LiTec_Board\LiTec_Board.csproj", "{0A5F8962-4519-4408-852C-B8A67E94889C}"
EndProject
Global
	GlobalSection(SolutionConfigurationPlatforms) = preSolution
		Debug|Any CPU = Debug|Any CPU
		Release|Any CPU = Release|Any CPU
	EndGlobalSection
	GlobalSection(ProjectConfigurationPlatforms) = postSolution
		{0A5F8962-4519-4408-852C-B8A67E94889C}.Debug|Any CPU.ActiveCfg = Debug|Any CPU
		{0A5F8962-4519-4408-852C-B8A67E94889C}.Debug|Any CPU.Build.0 = Debug|Any CPU
		{0A5F8962-4519-4408-852C-B8A67E94889C}.Release|Any CPU.ActiveCfg = Release|Any CPU
		{0A5F8962-4519-4408-852C-B8A67E94889C}.Release|Any CPU.Build.0 = Release|Any CPU
	EndGlobalSection
	GlobalSection(SolutionProperties) = preSolution
		HideSolutionNode = FALSE
	EndGlobalSection
	GlobalSection(ExtensibilityGlobals) = postSolution
		SolutionGuid = {77A75EC3-D36F-43BB-9F38-842AFF17E642}
	EndGlobalSection
EndGlobal
