
Microsoft Visual Studio Solution File, Format Version 12.00
# Visual Studio 15
VisualStudioVersion = 15.0.28010.2003
MinimumVisualStudioVersion = 10.0.40219.1
Project("{FAE04EC0-301F-11D3-BF4B-00C04F79EFBC}") = "LiTec_Board", "LiTec_Board\LiTec_Board.csproj", "{68AAF015-55EF-4F7B-A564-FC2F3FE3B2D9}"
EndProject
Global
	GlobalSection(SolutionConfigurationPlatforms) = preSolution
		Debug|Any CPU = Debug|Any CPU
		Release|Any CPU = Release|Any CPU
	EndGlobalSection
	GlobalSection(ProjectConfigurationPlatforms) = postSolution
		{68AAF015-55EF-4F7B-A564-FC2F3FE3B2D9}.Debug|Any CPU.ActiveCfg = Debug|Any CPU
		{68AAF015-55EF-4F7B-A564-FC2F3FE3B2D9}.Debug|Any CPU.Build.0 = Debug|Any CPU
		{68AAF015-55EF-4F7B-A564-FC2F3FE3B2D9}.Release|Any CPU.ActiveCfg = Release|Any CPU
		{68AAF015-55EF-4F7B-A564-FC2F3FE3B2D9}.Release|Any CPU.Build.0 = Release|Any CPU
	EndGlobalSection
	GlobalSection(SolutionProperties) = preSolution
		HideSolutionNode = FALSE
	EndGlobalSection
	GlobalSection(ExtensibilityGlobals) = postSolution
		SolutionGuid = {8F8688AD-C544-4A4F-A68C-7B13FB5E25A1}
	EndGlobalSection
EndGlobal
